
Microsoft Visual Studio Solution File, Format Version 12.00
# Visual Studio 15
VisualStudioVersion = 15.0.28010.2048
MinimumVisualStudioVersion = 10.0.40219.1
Project("{2150E333-8FDC-42A3-9474-1A3956D46DE8}") = "Services", "Services", "{99DA1519-6BD5-4BFE-BCC3-5FFFDF30613E}"
EndProject
Project("{2150E333-8FDC-42A3-9474-1A3956D46DE8}") = "Web", "Web", "{82A93D6F-3A14-4B69-9D7C-C4BDD7DDB04C}"
EndProject
Project("{2150E333-8FDC-42A3-9474-1A3956D46DE8}") = "Identity", "Identity", "{CE26FB56-C6D8-482B-98A9-EA7A942C0D03}"
EndProject
Project("{2150E333-8FDC-42A3-9474-1A3956D46DE8}") = "Gateway", "Gateway", "{7F20E6E2-E6FD-498D-9667-BD15BE05E276}"
EndProject
Project("{9A19103F-16F7-4668-BE54-9A1E7A4F7556}") = "Identity.API", "Services\Identity\Identity.API\Identity.API.csproj", "{5E15B5FA-14A2-4C31-846D-7B469916E470}"
EndProject
Project("{9A19103F-16F7-4668-BE54-9A1E7A4F7556}") = "Gateway.API", "Services\Gateway\Gateway.API\Gateway.API.csproj", "{3CDF9FD8-78F3-4968-8074-F952F05EB20C}"
EndProject
Project("{2150E333-8FDC-42A3-9474-1A3956D46DE8}") = "Market", "Market", "{EE4BB3A3-957A-4107-A70F-26C1401391A4}"
EndProject
Project("{2150E333-8FDC-42A3-9474-1A3956D46DE8}") = "Bet", "Bet", "{82C97C8B-8E59-431A-8A27-78936F183906}"
EndProject
Project("{2150E333-8FDC-42A3-9474-1A3956D46DE8}") = "Account", "Account", "{09459F43-9716-4922-AD4F-ED1B814B8902}"
EndProject
Project("{2150E333-8FDC-42A3-9474-1A3956D46DE8}") = "Result", "Result", "{C3EDF1ED-F0D1-4D77-B830-4CE0B4C0C108}"
EndProject
Project("{2150E333-8FDC-42A3-9474-1A3956D46DE8}") = "Deposit", "Deposit", "{4A3A97E0-61C7-4701-A56E-A18D8F50FC8E}"
EndProject
Project("{2150E333-8FDC-42A3-9474-1A3956D46DE8}") = "Withdrawal", "Withdrawal", "{9B755D9A-8D7B-4F1F-8AE9-F48CF1258CB1}"
EndProject
Project("{2150E333-8FDC-42A3-9474-1A3956D46DE8}") = "Event", "Event", "{8196BC38-1E17-4294-B892-71E4C7B21A6F}"
EndProject
Project("{9A19103F-16F7-4668-BE54-9A1E7A4F7556}") = "Account.API", "Services\Account\Account.API\Account.API.csproj", "{3CAABC80-6689-4529-BE91-9587BF1AE9F0}"
EndProject
Project("{2150E333-8FDC-42A3-9474-1A3956D46DE8}") = "Notification", "Notification", "{4D107340-4871-466C-97AA-0810394F4F88}"
EndProject
Project("{9A19103F-16F7-4668-BE54-9A1E7A4F7556}") = "Notification.API", "Services\Notification\Notification.API\Notification.API.csproj", "{D145A44F-DD5F-453B-8CEA-DF3660B01C2E}"
EndProject
Project("{2150E333-8FDC-42A3-9474-1A3956D46DE8}") = "BuildingBlocks", "BuildingBlocks", "{B35D6CAB-8B2A-4974-ABEE-6F15447C8B06}"
EndProject
Project("{2150E333-8FDC-42A3-9474-1A3956D46DE8}") = "EventBus", "EventBus", "{E188A89A-FBDE-4CB9-B08B-3E0F3FED2FC1}"
EndProject
Project("{9A19103F-16F7-4668-BE54-9A1E7A4F7556}") = "EventBus", "BuildingBlocks\EventBus\EventBus\EventBus.csproj", "{57BE9985-EECB-4902-A7A7-DC35B177E7FC}"
EndProject
Project("{9A19103F-16F7-4668-BE54-9A1E7A4F7556}") = "EventBusRabbitMQ", "BuildingBlocks\EventBus\EventBusRabbitMQ\EventBusRabbitMQ.csproj", "{DD7591FC-F33E-4BDC-B7BE-A06444A64610}"
EndProject
Project("{9A19103F-16F7-4668-BE54-9A1E7A4F7556}") = "Identity.Test", "Services\Identity\Identity.Test\Identity.Test.csproj", "{D97909AA-4D03-4284-8FDE-282553A87319}"
EndProject
Project("{2150E333-8FDC-42A3-9474-1A3956D46DE8}") = "SharedKernel", "SharedKernel", "{6567E391-5BC8-4CA7-998E-41D91DAA49AD}"
EndProject
Project("{9A19103F-16F7-4668-BE54-9A1E7A4F7556}") = "SharedKernel", "BuildingBlocks\SharedKernel\SharedKernel.csproj", "{558AA864-C47A-46A8-82B0-67EB0E677A93}"
EndProject
Project("{9A19103F-16F7-4668-BE54-9A1E7A4F7556}") = "Deposit.API", "Services\Deposit\Deposit.API\Deposit.API.csproj", "{8A236018-B9CC-4298-95D3-0FC71DF7E58B}"
EndProject
Global
	GlobalSection(SolutionConfigurationPlatforms) = preSolution
		Debug|Any CPU = Debug|Any CPU
		Release|Any CPU = Release|Any CPU
	EndGlobalSection
	GlobalSection(ProjectConfigurationPlatforms) = postSolution
		{5E15B5FA-14A2-4C31-846D-7B469916E470}.Debug|Any CPU.ActiveCfg = Debug|Any CPU
		{5E15B5FA-14A2-4C31-846D-7B469916E470}.Debug|Any CPU.Build.0 = Debug|Any CPU
		{5E15B5FA-14A2-4C31-846D-7B469916E470}.Release|Any CPU.ActiveCfg = Release|Any CPU
		{5E15B5FA-14A2-4C31-846D-7B469916E470}.Release|Any CPU.Build.0 = Release|Any CPU
		{3CDF9FD8-78F3-4968-8074-F952F05EB20C}.Debug|Any CPU.ActiveCfg = Debug|Any CPU
		{3CDF9FD8-78F3-4968-8074-F952F05EB20C}.Debug|Any CPU.Build.0 = Debug|Any CPU
		{3CDF9FD8-78F3-4968-8074-F952F05EB20C}.Release|Any CPU.ActiveCfg = Release|Any CPU
		{3CDF9FD8-78F3-4968-8074-F952F05EB20C}.Release|Any CPU.Build.0 = Release|Any CPU
		{3CAABC80-6689-4529-BE91-9587BF1AE9F0}.Debug|Any CPU.ActiveCfg = Debug|Any CPU
		{3CAABC80-6689-4529-BE91-9587BF1AE9F0}.Debug|Any CPU.Build.0 = Debug|Any CPU
		{3CAABC80-6689-4529-BE91-9587BF1AE9F0}.Release|Any CPU.ActiveCfg = Release|Any CPU
		{3CAABC80-6689-4529-BE91-9587BF1AE9F0}.Release|Any CPU.Build.0 = Release|Any CPU
		{D145A44F-DD5F-453B-8CEA-DF3660B01C2E}.Debug|Any CPU.ActiveCfg = Debug|Any CPU
		{D145A44F-DD5F-453B-8CEA-DF3660B01C2E}.Debug|Any CPU.Build.0 = Debug|Any CPU
		{D145A44F-DD5F-453B-8CEA-DF3660B01C2E}.Release|Any CPU.ActiveCfg = Release|Any CPU
		{D145A44F-DD5F-453B-8CEA-DF3660B01C2E}.Release|Any CPU.Build.0 = Release|Any CPU
		{57BE9985-EECB-4902-A7A7-DC35B177E7FC}.Debug|Any CPU.ActiveCfg = Debug|Any CPU
		{57BE9985-EECB-4902-A7A7-DC35B177E7FC}.Debug|Any CPU.Build.0 = Debug|Any CPU
		{57BE9985-EECB-4902-A7A7-DC35B177E7FC}.Release|Any CPU.ActiveCfg = Release|Any CPU
		{57BE9985-EECB-4902-A7A7-DC35B177E7FC}.Release|Any CPU.Build.0 = Release|Any CPU
		{DD7591FC-F33E-4BDC-B7BE-A06444A64610}.Debug|Any CPU.ActiveCfg = Debug|Any CPU
		{DD7591FC-F33E-4BDC-B7BE-A06444A64610}.Debug|Any CPU.Build.0 = Debug|Any CPU
		{DD7591FC-F33E-4BDC-B7BE-A06444A64610}.Release|Any CPU.ActiveCfg = Release|Any CPU
		{DD7591FC-F33E-4BDC-B7BE-A06444A64610}.Release|Any CPU.Build.0 = Release|Any CPU
		{D97909AA-4D03-4284-8FDE-282553A87319}.Debug|Any CPU.ActiveCfg = Debug|Any CPU
		{D97909AA-4D03-4284-8FDE-282553A87319}.Debug|Any CPU.Build.0 = Debug|Any CPU
		{D97909AA-4D03-4284-8FDE-282553A87319}.Release|Any CPU.ActiveCfg = Release|Any CPU
		{D97909AA-4D03-4284-8FDE-282553A87319}.Release|Any CPU.Build.0 = Release|Any CPU
		{558AA864-C47A-46A8-82B0-67EB0E677A93}.Debug|Any CPU.ActiveCfg = Debug|Any CPU
		{558AA864-C47A-46A8-82B0-67EB0E677A93}.Debug|Any CPU.Build.0 = Debug|Any CPU
		{558AA864-C47A-46A8-82B0-67EB0E677A93}.Release|Any CPU.ActiveCfg = Release|Any CPU
		{558AA864-C47A-46A8-82B0-67EB0E677A93}.Release|Any CPU.Build.0 = Release|Any CPU
		{8A236018-B9CC-4298-95D3-0FC71DF7E58B}.Debug|Any CPU.ActiveCfg = Debug|Any CPU
		{8A236018-B9CC-4298-95D3-0FC71DF7E58B}.Debug|Any CPU.Build.0 = Debug|Any CPU
		{8A236018-B9CC-4298-95D3-0FC71DF7E58B}.Release|Any CPU.ActiveCfg = Release|Any CPU
		{8A236018-B9CC-4298-95D3-0FC71DF7E58B}.Release|Any CPU.Build.0 = Release|Any CPU
	EndGlobalSection
	GlobalSection(SolutionProperties) = preSolution
		HideSolutionNode = FALSE
	EndGlobalSection
	GlobalSection(NestedProjects) = preSolution
		{CE26FB56-C6D8-482B-98A9-EA7A942C0D03} = {99DA1519-6BD5-4BFE-BCC3-5FFFDF30613E}
		{7F20E6E2-E6FD-498D-9667-BD15BE05E276} = {99DA1519-6BD5-4BFE-BCC3-5FFFDF30613E}
		{5E15B5FA-14A2-4C31-846D-7B469916E470} = {CE26FB56-C6D8-482B-98A9-EA7A942C0D03}
		{3CDF9FD8-78F3-4968-8074-F952F05EB20C} = {7F20E6E2-E6FD-498D-9667-BD15BE05E276}
		{EE4BB3A3-957A-4107-A70F-26C1401391A4} = {99DA1519-6BD5-4BFE-BCC3-5FFFDF30613E}
		{82C97C8B-8E59-431A-8A27-78936F183906} = {99DA1519-6BD5-4BFE-BCC3-5FFFDF30613E}
		{09459F43-9716-4922-AD4F-ED1B814B8902} = {99DA1519-6BD5-4BFE-BCC3-5FFFDF30613E}
		{C3EDF1ED-F0D1-4D77-B830-4CE0B4C0C108} = {99DA1519-6BD5-4BFE-BCC3-5FFFDF30613E}
		{4A3A97E0-61C7-4701-A56E-A18D8F50FC8E} = {99DA1519-6BD5-4BFE-BCC3-5FFFDF30613E}
		{9B755D9A-8D7B-4F1F-8AE9-F48CF1258CB1} = {99DA1519-6BD5-4BFE-BCC3-5FFFDF30613E}
		{8196BC38-1E17-4294-B892-71E4C7B21A6F} = {99DA1519-6BD5-4BFE-BCC3-5FFFDF30613E}
		{3CAABC80-6689-4529-BE91-9587BF1AE9F0} = {09459F43-9716-4922-AD4F-ED1B814B8902}
		{4D107340-4871-466C-97AA-0810394F4F88} = {99DA1519-6BD5-4BFE-BCC3-5FFFDF30613E}
		{D145A44F-DD5F-453B-8CEA-DF3660B01C2E} = {4D107340-4871-466C-97AA-0810394F4F88}
		{E188A89A-FBDE-4CB9-B08B-3E0F3FED2FC1} = {B35D6CAB-8B2A-4974-ABEE-6F15447C8B06}
		{57BE9985-EECB-4902-A7A7-DC35B177E7FC} = {E188A89A-FBDE-4CB9-B08B-3E0F3FED2FC1}
		{DD7591FC-F33E-4BDC-B7BE-A06444A64610} = {E188A89A-FBDE-4CB9-B08B-3E0F3FED2FC1}
		{D97909AA-4D03-4284-8FDE-282553A87319} = {CE26FB56-C6D8-482B-98A9-EA7A942C0D03}
		{6567E391-5BC8-4CA7-998E-41D91DAA49AD} = {B35D6CAB-8B2A-4974-ABEE-6F15447C8B06}
		{558AA864-C47A-46A8-82B0-67EB0E677A93} = {6567E391-5BC8-4CA7-998E-41D91DAA49AD}
		{8A236018-B9CC-4298-95D3-0FC71DF7E58B} = {4A3A97E0-61C7-4701-A56E-A18D8F50FC8E}
	EndGlobalSection
	GlobalSection(ExtensibilityGlobals) = postSolution
		SolutionGuid = {AA0601EC-F23B-4D8F-BC52-FE84605E6FA7}
	EndGlobalSection
EndGlobal
