
Microsoft Visual Studio Solution File, Format Version 12.00
# Visual Studio 15
VisualStudioVersion = 15.0.28010.2048
MinimumVisualStudioVersion = 10.0.40219.1
Project("{2150E333-8FDC-42A3-9474-1A3956D46DE8}") = "Services", "Services", "{99DA1519-6BD5-4BFE-BCC3-5FFFDF30613E}"
EndProject
Project("{2150E333-8FDC-42A3-9474-1A3956D46DE8}") = "Web", "Web", "{82A93D6F-3A14-4B69-9D7C-C4BDD7DDB04C}"
EndProject
Project("{2150E333-8FDC-42A3-9474-1A3956D46DE8}") = "Identity", "Identity", "{CE26FB56-C6D8-482B-98A9-EA7A942C0D03}"
EndProject
Project("{2150E333-8FDC-42A3-9474-1A3956D46DE8}") = "Gateway", "Gateway", "{7F20E6E2-E6FD-498D-9667-BD15BE05E276}"
EndProject
Project("{9A19103F-16F7-4668-BE54-9A1E7A4F7556}") = "Identity.API", "Services\Identity\Identity.API\Identity.API.csproj", "{5E15B5FA-14A2-4C31-846D-7B469916E470}"
EndProject
Project("{9A19103F-16F7-4668-BE54-9A1E7A4F7556}") = "Gateway.API", "Services\Gateway\Gateway.API\Gateway.API.csproj", "{3CDF9FD8-78F3-4968-8074-F952F05EB20C}"
EndProject
Project("{9A19103F-16F7-4668-BE54-9A1E7A4F7556}") = "Web.Website", "Web\Web.Website\Web.Website.csproj", "{D5224089-53FB-4CAC-ADC9-EEBA68EE945E}"
EndProject
Project("{2150E333-8FDC-42A3-9474-1A3956D46DE8}") = "Market", "Market", "{EE4BB3A3-957A-4107-A70F-26C1401391A4}"
EndProject
Project("{2150E333-8FDC-42A3-9474-1A3956D46DE8}") = "Bet", "Bet", "{82C97C8B-8E59-431A-8A27-78936F183906}"
EndProject
Project("{2150E333-8FDC-42A3-9474-1A3956D46DE8}") = "Account", "Account", "{09459F43-9716-4922-AD4F-ED1B814B8902}"
EndProject
Project("{2150E333-8FDC-42A3-9474-1A3956D46DE8}") = "Result", "Result", "{C3EDF1ED-F0D1-4D77-B830-4CE0B4C0C108}"
EndProject
Project("{2150E333-8FDC-42A3-9474-1A3956D46DE8}") = "Deposit", "Deposit", "{4A3A97E0-61C7-4701-A56E-A18D8F50FC8E}"
EndProject
Project("{2150E333-8FDC-42A3-9474-1A3956D46DE8}") = "Withdrawal", "Withdrawal", "{9B755D9A-8D7B-4F1F-8AE9-F48CF1258CB1}"
EndProject
Project("{2150E333-8FDC-42A3-9474-1A3956D46DE8}") = "Event", "Event", "{8196BC38-1E17-4294-B892-71E4C7B21A6F}"
EndProject
Project("{9A19103F-16F7-4668-BE54-9A1E7A4F7556}") = "Account.API", "Services\Account\Account.API\Account.API.csproj", "{3CAABC80-6689-4529-BE91-9587BF1AE9F0}"
EndProject
Project("{2150E333-8FDC-42A3-9474-1A3956D46DE8}") = "Notification", "Notification", "{4D107340-4871-466C-97AA-0810394F4F88}"
EndProject
Global
	GlobalSection(SolutionConfigurationPlatforms) = preSolution
		Debug|Any CPU = Debug|Any CPU
		Release|Any CPU = Release|Any CPU
	EndGlobalSection
	GlobalSection(ProjectConfigurationPlatforms) = postSolution
		{5E15B5FA-14A2-4C31-846D-7B469916E470}.Debug|Any CPU.ActiveCfg = Debug|Any CPU
		{5E15B5FA-14A2-4C31-846D-7B469916E470}.Debug|Any CPU.Build.0 = Debug|Any CPU
		{5E15B5FA-14A2-4C31-846D-7B469916E470}.Release|Any CPU.ActiveCfg = Release|Any CPU
		{5E15B5FA-14A2-4C31-846D-7B469916E470}.Release|Any CPU.Build.0 = Release|Any CPU
		{3CDF9FD8-78F3-4968-8074-F952F05EB20C}.Debug|Any CPU.ActiveCfg = Debug|Any CPU
		{3CDF9FD8-78F3-4968-8074-F952F05EB20C}.Debug|Any CPU.Build.0 = Debug|Any CPU
		{3CDF9FD8-78F3-4968-8074-F952F05EB20C}.Release|Any CPU.ActiveCfg = Release|Any CPU
		{3CDF9FD8-78F3-4968-8074-F952F05EB20C}.Release|Any CPU.Build.0 = Release|Any CPU
		{D5224089-53FB-4CAC-ADC9-EEBA68EE945E}.Debug|Any CPU.ActiveCfg = Debug|Any CPU
		{D5224089-53FB-4CAC-ADC9-EEBA68EE945E}.Debug|Any CPU.Build.0 = Debug|Any CPU
		{D5224089-53FB-4CAC-ADC9-EEBA68EE945E}.Release|Any CPU.ActiveCfg = Release|Any CPU
		{D5224089-53FB-4CAC-ADC9-EEBA68EE945E}.Release|Any CPU.Build.0 = Release|Any CPU
		{3CAABC80-6689-4529-BE91-9587BF1AE9F0}.Debug|Any CPU.ActiveCfg = Debug|Any CPU
		{3CAABC80-6689-4529-BE91-9587BF1AE9F0}.Debug|Any CPU.Build.0 = Debug|Any CPU
		{3CAABC80-6689-4529-BE91-9587BF1AE9F0}.Release|Any CPU.ActiveCfg = Release|Any CPU
		{3CAABC80-6689-4529-BE91-9587BF1AE9F0}.Release|Any CPU.Build.0 = Release|Any CPU
	EndGlobalSection
	GlobalSection(SolutionProperties) = preSolution
		HideSolutionNode = FALSE
	EndGlobalSection
	GlobalSection(NestedProjects) = preSolution
		{CE26FB56-C6D8-482B-98A9-EA7A942C0D03} = {99DA1519-6BD5-4BFE-BCC3-5FFFDF30613E}
		{7F20E6E2-E6FD-498D-9667-BD15BE05E276} = {99DA1519-6BD5-4BFE-BCC3-5FFFDF30613E}
		{5E15B5FA-14A2-4C31-846D-7B469916E470} = {CE26FB56-C6D8-482B-98A9-EA7A942C0D03}
		{3CDF9FD8-78F3-4968-8074-F952F05EB20C} = {7F20E6E2-E6FD-498D-9667-BD15BE05E276}
		{D5224089-53FB-4CAC-ADC9-EEBA68EE945E} = {82A93D6F-3A14-4B69-9D7C-C4BDD7DDB04C}
		{EE4BB3A3-957A-4107-A70F-26C1401391A4} = {99DA1519-6BD5-4BFE-BCC3-5FFFDF30613E}
		{82C97C8B-8E59-431A-8A27-78936F183906} = {99DA1519-6BD5-4BFE-BCC3-5FFFDF30613E}
		{09459F43-9716-4922-AD4F-ED1B814B8902} = {99DA1519-6BD5-4BFE-BCC3-5FFFDF30613E}
		{C3EDF1ED-F0D1-4D77-B830-4CE0B4C0C108} = {99DA1519-6BD5-4BFE-BCC3-5FFFDF30613E}
		{4A3A97E0-61C7-4701-A56E-A18D8F50FC8E} = {99DA1519-6BD5-4BFE-BCC3-5FFFDF30613E}
		{9B755D9A-8D7B-4F1F-8AE9-F48CF1258CB1} = {99DA1519-6BD5-4BFE-BCC3-5FFFDF30613E}
		{8196BC38-1E17-4294-B892-71E4C7B21A6F} = {99DA1519-6BD5-4BFE-BCC3-5FFFDF30613E}
		{3CAABC80-6689-4529-BE91-9587BF1AE9F0} = {09459F43-9716-4922-AD4F-ED1B814B8902}
		{4D107340-4871-466C-97AA-0810394F4F88} = {99DA1519-6BD5-4BFE-BCC3-5FFFDF30613E}
	EndGlobalSection
	GlobalSection(ExtensibilityGlobals) = postSolution
		SolutionGuid = {AA0601EC-F23B-4D8F-BC52-FE84605E6FA7}
	EndGlobalSection
EndGlobal
