
Microsoft Visual Studio Solution File, Format Version 12.00
# Visual Studio 15
VisualStudioVersion = 15.0.28010.2048
MinimumVisualStudioVersion = 10.0.40219.1
Project("{2150E333-8FDC-42A3-9474-1A3956D46DE8}") = "Services", "Services", "{99DA1519-6BD5-4BFE-BCC3-5FFFDF30613E}"
EndProject
Project("{2150E333-8FDC-42A3-9474-1A3956D46DE8}") = "Web", "Web", "{82A93D6F-3A14-4B69-9D7C-C4BDD7DDB04C}"
EndProject
Project("{2150E333-8FDC-42A3-9474-1A3956D46DE8}") = "Backlog", "Backlog", "{95665A05-69A9-49C7-9ECC-42DE88AA2693}"
EndProject
Project("{2150E333-8FDC-42A3-9474-1A3956D46DE8}") = "Board", "Board", "{63CEB051-4FBC-4D79-8CFA-DE26CAEEA119}"
EndProject
Project("{2150E333-8FDC-42A3-9474-1A3956D46DE8}") = "AI", "AI", "{535D1CA4-E609-4CC1-8FDF-AFBC12D46D7C}"
EndProject
Project("{2150E333-8FDC-42A3-9474-1A3956D46DE8}") = "Identity", "Identity", "{CE26FB56-C6D8-482B-98A9-EA7A942C0D03}"
EndProject
Project("{2150E333-8FDC-42A3-9474-1A3956D46DE8}") = "Gateway", "Gateway", "{7F20E6E2-E6FD-498D-9667-BD15BE05E276}"
EndProject
Project("{FAE04EC0-301F-11D3-BF4B-00C04F79EFBC}") = "Identity.API", "Services\Identity\Identity.API\Identity.API.csproj", "{5E15B5FA-14A2-4C31-846D-7B469916E470}"
EndProject
Project("{FAE04EC0-301F-11D3-BF4B-00C04F79EFBC}") = "Gateway.API", "Services\Gateway\Gateway.API\Gateway.API.csproj", "{3CDF9FD8-78F3-4968-8074-F952F05EB20C}"
EndProject
Project("{FAE04EC0-301F-11D3-BF4B-00C04F79EFBC}") = "Web.Website", "Web\Web.Website\Web.Website.csproj", "{D5224089-53FB-4CAC-ADC9-EEBA68EE945E}"
EndProject
Project("{2150E333-8FDC-42A3-9474-1A3956D46DE8}") = "Organization", "Organization", "{6511F11B-5FB2-43B1-B976-49A755A68676}"
EndProject
Project("{FAE04EC0-301F-11D3-BF4B-00C04F79EFBC}") = "Organization.API", "Services\Organization\Organization.API\Organization.API.csproj", "{7D1D5B09-6A43-4D3F-98F4-D974C05E2D20}"
EndProject
Project("{FAE04EC0-301F-11D3-BF4B-00C04F79EFBC}") = "Backlog.Domain", "Services\Backlog\Backlog.Domain\Backlog.Domain.csproj", "{A9AED0B9-CD74-47B2-8E86-696486066ED2}"
EndProject
Project("{FAE04EC0-301F-11D3-BF4B-00C04F79EFBC}") = "Backlog.API", "Services\Backlog\Backlog.API\Backlog.API.csproj", "{10EF4400-9D5C-4451-9195-377F1105109F}"
EndProject
Project("{FAE04EC0-301F-11D3-BF4B-00C04F79EFBC}") = "Backlog.Infrastructure", "Services\Backlog\Backlog.Infrastructure\Backlog.Infrastructure.csproj", "{88624BB4-C288-4645-A2D1-1D63CEDC567B}"
EndProject
Project("{FAE04EC0-301F-11D3-BF4B-00C04F79EFBC}") = "Backlog.Application", "Services\Backlog\Backlog.Application\Backlog.Application.csproj", "{F0423318-0BC5-4740-94A3-8AAFA7E882DB}"
EndProject
Project("{FAE04EC0-301F-11D3-BF4B-00C04F79EFBC}") = "Board.API", "Services\Board\Board.Api\Board.Api.csproj", "{61717AEA-842F-43D3-8719-7C78F15028ED}"
EndProject
Project("{9A19103F-16F7-4668-BE54-9A1E7A4F7556}") = "AI.Api", "Services\AI\AI.Api\AI.Api.csproj", "{CEA618CD-2A54-488F-ABA4-AE312E38D5B2}"
EndProject
Global
	GlobalSection(SolutionConfigurationPlatforms) = preSolution
		Debug|Any CPU = Debug|Any CPU
		Release|Any CPU = Release|Any CPU
	EndGlobalSection
	GlobalSection(ProjectConfigurationPlatforms) = postSolution
		{5E15B5FA-14A2-4C31-846D-7B469916E470}.Debug|Any CPU.ActiveCfg = Debug|Any CPU
		{5E15B5FA-14A2-4C31-846D-7B469916E470}.Debug|Any CPU.Build.0 = Debug|Any CPU
		{5E15B5FA-14A2-4C31-846D-7B469916E470}.Release|Any CPU.ActiveCfg = Release|Any CPU
		{5E15B5FA-14A2-4C31-846D-7B469916E470}.Release|Any CPU.Build.0 = Release|Any CPU
		{3CDF9FD8-78F3-4968-8074-F952F05EB20C}.Debug|Any CPU.ActiveCfg = Debug|Any CPU
		{3CDF9FD8-78F3-4968-8074-F952F05EB20C}.Debug|Any CPU.Build.0 = Debug|Any CPU
		{3CDF9FD8-78F3-4968-8074-F952F05EB20C}.Release|Any CPU.ActiveCfg = Release|Any CPU
		{3CDF9FD8-78F3-4968-8074-F952F05EB20C}.Release|Any CPU.Build.0 = Release|Any CPU
		{D5224089-53FB-4CAC-ADC9-EEBA68EE945E}.Debug|Any CPU.ActiveCfg = Debug|Any CPU
		{D5224089-53FB-4CAC-ADC9-EEBA68EE945E}.Debug|Any CPU.Build.0 = Debug|Any CPU
		{D5224089-53FB-4CAC-ADC9-EEBA68EE945E}.Release|Any CPU.ActiveCfg = Release|Any CPU
		{D5224089-53FB-4CAC-ADC9-EEBA68EE945E}.Release|Any CPU.Build.0 = Release|Any CPU
		{7D1D5B09-6A43-4D3F-98F4-D974C05E2D20}.Debug|Any CPU.ActiveCfg = Debug|Any CPU
		{7D1D5B09-6A43-4D3F-98F4-D974C05E2D20}.Debug|Any CPU.Build.0 = Debug|Any CPU
		{7D1D5B09-6A43-4D3F-98F4-D974C05E2D20}.Release|Any CPU.ActiveCfg = Release|Any CPU
		{7D1D5B09-6A43-4D3F-98F4-D974C05E2D20}.Release|Any CPU.Build.0 = Release|Any CPU
		{A9AED0B9-CD74-47B2-8E86-696486066ED2}.Debug|Any CPU.ActiveCfg = Debug|Any CPU
		{A9AED0B9-CD74-47B2-8E86-696486066ED2}.Debug|Any CPU.Build.0 = Debug|Any CPU
		{A9AED0B9-CD74-47B2-8E86-696486066ED2}.Release|Any CPU.ActiveCfg = Release|Any CPU
		{A9AED0B9-CD74-47B2-8E86-696486066ED2}.Release|Any CPU.Build.0 = Release|Any CPU
		{10EF4400-9D5C-4451-9195-377F1105109F}.Debug|Any CPU.ActiveCfg = Debug|Any CPU
		{10EF4400-9D5C-4451-9195-377F1105109F}.Debug|Any CPU.Build.0 = Debug|Any CPU
		{10EF4400-9D5C-4451-9195-377F1105109F}.Release|Any CPU.ActiveCfg = Release|Any CPU
		{10EF4400-9D5C-4451-9195-377F1105109F}.Release|Any CPU.Build.0 = Release|Any CPU
		{88624BB4-C288-4645-A2D1-1D63CEDC567B}.Debug|Any CPU.ActiveCfg = Debug|Any CPU
		{88624BB4-C288-4645-A2D1-1D63CEDC567B}.Debug|Any CPU.Build.0 = Debug|Any CPU
		{88624BB4-C288-4645-A2D1-1D63CEDC567B}.Release|Any CPU.ActiveCfg = Release|Any CPU
		{88624BB4-C288-4645-A2D1-1D63CEDC567B}.Release|Any CPU.Build.0 = Release|Any CPU
		{F0423318-0BC5-4740-94A3-8AAFA7E882DB}.Debug|Any CPU.ActiveCfg = Debug|Any CPU
		{F0423318-0BC5-4740-94A3-8AAFA7E882DB}.Debug|Any CPU.Build.0 = Debug|Any CPU
		{F0423318-0BC5-4740-94A3-8AAFA7E882DB}.Release|Any CPU.ActiveCfg = Release|Any CPU
		{F0423318-0BC5-4740-94A3-8AAFA7E882DB}.Release|Any CPU.Build.0 = Release|Any CPU
		{61717AEA-842F-43D3-8719-7C78F15028ED}.Debug|Any CPU.ActiveCfg = Debug|Any CPU
		{61717AEA-842F-43D3-8719-7C78F15028ED}.Debug|Any CPU.Build.0 = Debug|Any CPU
		{61717AEA-842F-43D3-8719-7C78F15028ED}.Release|Any CPU.ActiveCfg = Release|Any CPU
		{61717AEA-842F-43D3-8719-7C78F15028ED}.Release|Any CPU.Build.0 = Release|Any CPU
		{CEA618CD-2A54-488F-ABA4-AE312E38D5B2}.Debug|Any CPU.ActiveCfg = Debug|Any CPU
		{CEA618CD-2A54-488F-ABA4-AE312E38D5B2}.Debug|Any CPU.Build.0 = Debug|Any CPU
		{CEA618CD-2A54-488F-ABA4-AE312E38D5B2}.Release|Any CPU.ActiveCfg = Release|Any CPU
		{CEA618CD-2A54-488F-ABA4-AE312E38D5B2}.Release|Any CPU.Build.0 = Release|Any CPU
	EndGlobalSection
	GlobalSection(SolutionProperties) = preSolution
		HideSolutionNode = FALSE
	EndGlobalSection
	GlobalSection(NestedProjects) = preSolution
		{95665A05-69A9-49C7-9ECC-42DE88AA2693} = {99DA1519-6BD5-4BFE-BCC3-5FFFDF30613E}
		{63CEB051-4FBC-4D79-8CFA-DE26CAEEA119} = {99DA1519-6BD5-4BFE-BCC3-5FFFDF30613E}
		{535D1CA4-E609-4CC1-8FDF-AFBC12D46D7C} = {99DA1519-6BD5-4BFE-BCC3-5FFFDF30613E}
		{CE26FB56-C6D8-482B-98A9-EA7A942C0D03} = {99DA1519-6BD5-4BFE-BCC3-5FFFDF30613E}
		{7F20E6E2-E6FD-498D-9667-BD15BE05E276} = {99DA1519-6BD5-4BFE-BCC3-5FFFDF30613E}
		{5E15B5FA-14A2-4C31-846D-7B469916E470} = {CE26FB56-C6D8-482B-98A9-EA7A942C0D03}
		{3CDF9FD8-78F3-4968-8074-F952F05EB20C} = {7F20E6E2-E6FD-498D-9667-BD15BE05E276}
		{D5224089-53FB-4CAC-ADC9-EEBA68EE945E} = {82A93D6F-3A14-4B69-9D7C-C4BDD7DDB04C}
		{6511F11B-5FB2-43B1-B976-49A755A68676} = {99DA1519-6BD5-4BFE-BCC3-5FFFDF30613E}
		{7D1D5B09-6A43-4D3F-98F4-D974C05E2D20} = {6511F11B-5FB2-43B1-B976-49A755A68676}
		{A9AED0B9-CD74-47B2-8E86-696486066ED2} = {95665A05-69A9-49C7-9ECC-42DE88AA2693}
		{10EF4400-9D5C-4451-9195-377F1105109F} = {95665A05-69A9-49C7-9ECC-42DE88AA2693}
		{88624BB4-C288-4645-A2D1-1D63CEDC567B} = {95665A05-69A9-49C7-9ECC-42DE88AA2693}
		{F0423318-0BC5-4740-94A3-8AAFA7E882DB} = {95665A05-69A9-49C7-9ECC-42DE88AA2693}
		{61717AEA-842F-43D3-8719-7C78F15028ED} = {63CEB051-4FBC-4D79-8CFA-DE26CAEEA119}
		{CEA618CD-2A54-488F-ABA4-AE312E38D5B2} = {535D1CA4-E609-4CC1-8FDF-AFBC12D46D7C}
	EndGlobalSection
	GlobalSection(ExtensibilityGlobals) = postSolution
		SolutionGuid = {AA0601EC-F23B-4D8F-BC52-FE84605E6FA7}
	EndGlobalSection
EndGlobal
